// !$*UTF8*$!
{
	archiveVersion = 1;
	classes = {
	};
	objectVersion = 56;
	objects = {

/* Begin PBXBuildFile section */
		C14EA26D2994BA7A00DCA491 /* AppDelegate.swift in Sources */ = {isa = PBXBuildFile; fileRef = C14EA26C2994BA7A00DCA491 /* AppDelegate.swift */; };
		C14EA26F2994BA7A00DCA491 /* SceneDelegate.swift in Sources */ = {isa = PBXBuildFile; fileRef = C14EA26E2994BA7A00DCA491 /* SceneDelegate.swift */; };
		C14EA2712994BA7A00DCA491 /* ViewController.swift in Sources */ = {isa = PBXBuildFile; fileRef = C14EA2702994BA7A00DCA491 /* ViewController.swift */; };
		C14EA2742994BA7A00DCA491 /* Main.storyboard in Resources */ = {isa = PBXBuildFile; fileRef = C14EA2722994BA7A00DCA491 /* Main.storyboard */; };
		C14EA2772994BA7A00DCA491 /* mvpclean1.xcdatamodeld in Sources */ = {isa = PBXBuildFile; fileRef = C14EA2752994BA7A00DCA491 /* mvpclean1.xcdatamodeld */; };
		C14EA2792994BA7B00DCA491 /* Assets.xcassets in Resources */ = {isa = PBXBuildFile; fileRef = C14EA2782994BA7B00DCA491 /* Assets.xcassets */; };
		C14EA27C2994BA7B00DCA491 /* LaunchScreen.storyboard in Resources */ = {isa = PBXBuildFile; fileRef = C14EA27A2994BA7B00DCA491 /* LaunchScreen.storyboard */; };
		C14EA2872994BA7C00DCA491 /* mvpclean1Tests.swift in Sources */ = {isa = PBXBuildFile; fileRef = C14EA2862994BA7C00DCA491 /* mvpclean1Tests.swift */; };
		C14EA2912994BA7C00DCA491 /* mvpclean1UITests.swift in Sources */ = {isa = PBXBuildFile; fileRef = C14EA2902994BA7C00DCA491 /* mvpclean1UITests.swift */; };
		C14EA2932994BA7C00DCA491 /* mvpclean1UITestsLaunchTests.swift in Sources */ = {isa = PBXBuildFile; fileRef = C14EA2922994BA7C00DCA491 /* mvpclean1UITestsLaunchTests.swift */; };
/* End PBXBuildFile section */

/* Begin PBXContainerItemProxy section */
		C14EA2832994BA7C00DCA491 /* PBXContainerItemProxy */ = {
			isa = PBXContainerItemProxy;
			containerPortal = C14EA2612994BA7A00DCA491 /* Project object */;
			proxyType = 1;
			remoteGlobalIDString = C14EA2682994BA7A00DCA491;
			remoteInfo = mvpclean1;
		};
		C14EA28D2994BA7C00DCA491 /* PBXContainerItemProxy */ = {
			isa = PBXContainerItemProxy;
			containerPortal = C14EA2612994BA7A00DCA491 /* Project object */;
			proxyType = 1;
			remoteGlobalIDString = C14EA2682994BA7A00DCA491;
			remoteInfo = mvpclean1;
		};
/* End PBXContainerItemProxy section */

/* Begin PBXFileReference section */
		C14EA2692994BA7A00DCA491 /* mvpclean1.app */ = {isa = PBXFileReference; explicitFileType = wrapper.application; includeInIndex = 0; path = mvpclean1.app; sourceTree = BUILT_PRODUCTS_DIR; };
		C14EA26C2994BA7A00DCA491 /* AppDelegate.swift */ = {isa = PBXFileReference; lastKnownFileType = sourcecode.swift; path = AppDelegate.swift; sourceTree = "<group>"; };
		C14EA26E2994BA7A00DCA491 /* SceneDelegate.swift */ = {isa = PBXFileReference; lastKnownFileType = sourcecode.swift; path = SceneDelegate.swift; sourceTree = "<group>"; };
		C14EA2702994BA7A00DCA491 /* ViewController.swift */ = {isa = PBXFileReference; lastKnownFileType = sourcecode.swift; path = ViewController.swift; sourceTree = "<group>"; };
		C14EA2732994BA7A00DCA491 /* Base */ = {isa = PBXFileReference; lastKnownFileType = file.storyboard; name = Base; path = Base.lproj/Main.storyboard; sourceTree = "<group>"; };
		C14EA2762994BA7A00DCA491 /* mvpclean1.xcdatamodel */ = {isa = PBXFileReference; lastKnownFileType = wrapper.xcdatamodel; path = mvpclean1.xcdatamodel; sourceTree = "<group>"; };
		C14EA2782994BA7B00DCA491 /* Assets.xcassets */ = {isa = PBXFileReference; lastKnownFileType = folder.assetcatalog; path = Assets.xcassets; sourceTree = "<group>"; };
		C14EA27B2994BA7B00DCA491 /* Base */ = {isa = PBXFileReference; lastKnownFileType = file.storyboard; name = Base; path = Base.lproj/LaunchScreen.storyboard; sourceTree = "<group>"; };
		C14EA27D2994BA7B00DCA491 /* Info.plist */ = {isa = PBXFileReference; lastKnownFileType = text.plist.xml; path = Info.plist; sourceTree = "<group>"; };
		C14EA2822994BA7C00DCA491 /* mvpclean1Tests.xctest */ = {isa = PBXFileReference; explicitFileType = wrapper.cfbundle; includeInIndex = 0; path = mvpclean1Tests.xctest; sourceTree = BUILT_PRODUCTS_DIR; };
		C14EA2862994BA7C00DCA491 /* mvpclean1Tests.swift */ = {isa = PBXFileReference; lastKnownFileType = sourcecode.swift; path = mvpclean1Tests.swift; sourceTree = "<group>"; };
		C14EA28C2994BA7C00DCA491 /* mvpclean1UITests.xctest */ = {isa = PBXFileReference; explicitFileType = wrapper.cfbundle; includeInIndex = 0; path = mvpclean1UITests.xctest; sourceTree = BUILT_PRODUCTS_DIR; };
		C14EA2902994BA7C00DCA491 /* mvpclean1UITests.swift */ = {isa = PBXFileReference; lastKnownFileType = sourcecode.swift; path = mvpclean1UITests.swift; sourceTree = "<group>"; };
		C14EA2922994BA7C00DCA491 /* mvpclean1UITestsLaunchTests.swift */ = {isa = PBXFileReference; lastKnownFileType = sourcecode.swift; path = mvpclean1UITestsLaunchTests.swift; sourceTree = "<group>"; };
/* End PBXFileReference section */

/* Begin PBXFrameworksBuildPhase section */
		C14EA2662994BA7A00DCA491 /* Frameworks */ = {
			isa = PBXFrameworksBuildPhase;
			buildActionMask = 2147483647;
			files = (
			);
			runOnlyForDeploymentPostprocessing = 0;
		};
		C14EA27F2994BA7C00DCA491 /* Frameworks */ = {
			isa = PBXFrameworksBuildPhase;
			buildActionMask = 2147483647;
			files = (
			);
			runOnlyForDeploymentPostprocessing = 0;
		};
		C14EA2892994BA7C00DCA491 /* Frameworks */ = {
			isa = PBXFrameworksBuildPhase;
			buildActionMask = 2147483647;
			files = (
			);
			runOnlyForDeploymentPostprocessing = 0;
		};
/* End PBXFrameworksBuildPhase section */

/* Begin PBXGroup section */
		C14EA2602994BA7A00DCA491 = {
			isa = PBXGroup;
			children = (
				C14EA26B2994BA7A00DCA491 /* mvpclean1 */,
				C14EA2852994BA7C00DCA491 /* mvpclean1Tests */,
				C14EA28F2994BA7C00DCA491 /* mvpclean1UITests */,
				C14EA26A2994BA7A00DCA491 /* Products */,
			);
			sourceTree = "<group>";
		};
		C14EA26A2994BA7A00DCA491 /* Products */ = {
			isa = PBXGroup;
			children = (
				C14EA2692994BA7A00DCA491 /* mvpclean1.app */,
				C14EA2822994BA7C00DCA491 /* mvpclean1Tests.xctest */,
				C14EA28C2994BA7C00DCA491 /* mvpclean1UITests.xctest */,
			);
			name = Products;
			sourceTree = "<group>";
		};
		C14EA26B2994BA7A00DCA491 /* mvpclean1 */ = {
			isa = PBXGroup;
			children = (
				C14EA26C2994BA7A00DCA491 /* AppDelegate.swift */,
				C14EA26E2994BA7A00DCA491 /* SceneDelegate.swift */,
				C14EA2702994BA7A00DCA491 /* ViewController.swift */,
				C14EA2722994BA7A00DCA491 /* Main.storyboard */,
				C14EA2782994BA7B00DCA491 /* Assets.xcassets */,
				C14EA27A2994BA7B00DCA491 /* LaunchScreen.storyboard */,
				C14EA27D2994BA7B00DCA491 /* Info.plist */,
				C14EA2752994BA7A00DCA491 /* mvpclean1.xcdatamodeld */,
			);
			path = mvpclean1;
			sourceTree = "<group>";
		};
		C14EA2852994BA7C00DCA491 /* mvpclean1Tests */ = {
			isa = PBXGroup;
			children = (
				C14EA2862994BA7C00DCA491 /* mvpclean1Tests.swift */,
			);
			path = mvpclean1Tests;
			sourceTree = "<group>";
		};
		C14EA28F2994BA7C00DCA491 /* mvpclean1UITests */ = {
			isa = PBXGroup;
			children = (
				C14EA2902994BA7C00DCA491 /* mvpclean1UITests.swift */,
				C14EA2922994BA7C00DCA491 /* mvpclean1UITestsLaunchTests.swift */,
			);
			path = mvpclean1UITests;
			sourceTree = "<group>";
		};
/* End PBXGroup section */

/* Begin PBXNativeTarget section */
		C14EA2682994BA7A00DCA491 /* mvpclean1 */ = {
			isa = PBXNativeTarget;
			buildConfigurationList = C14EA2962994BA7C00DCA491 /* Build configuration list for PBXNativeTarget "mvpclean1" */;
			buildPhases = (
				C14EA2652994BA7A00DCA491 /* Sources */,
				C14EA2662994BA7A00DCA491 /* Frameworks */,
				C14EA2672994BA7A00DCA491 /* Resources */,
			);
			buildRules = (
			);
			dependencies = (
			);
			name = mvpclean1;
			productName = mvpclean1;
			productReference = C14EA2692994BA7A00DCA491 /* mvpclean1.app */;
			productType = "com.apple.product-type.application";
		};
		C14EA2812994BA7C00DCA491 /* mvpclean1Tests */ = {
			isa = PBXNativeTarget;
			buildConfigurationList = C14EA2992994BA7C00DCA491 /* Build configuration list for PBXNativeTarget "mvpclean1Tests" */;
			buildPhases = (
				C14EA27E2994BA7C00DCA491 /* Sources */,
				C14EA27F2994BA7C00DCA491 /* Frameworks */,
				C14EA2802994BA7C00DCA491 /* Resources */,
			);
			buildRules = (
			);
			dependencies = (
				C14EA2842994BA7C00DCA491 /* PBXTargetDependency */,
			);
			name = mvpclean1Tests;
			productName = mvpclean1Tests;
			productReference = C14EA2822994BA7C00DCA491 /* mvpclean1Tests.xctest */;
			productType = "com.apple.product-type.bundle.unit-test";
		};
		C14EA28B2994BA7C00DCA491 /* mvpclean1UITests */ = {
			isa = PBXNativeTarget;
			buildConfigurationList = C14EA29C2994BA7C00DCA491 /* Build configuration list for PBXNativeTarget "mvpclean1UITests" */;
			buildPhases = (
				C14EA2882994BA7C00DCA491 /* Sources */,
				C14EA2892994BA7C00DCA491 /* Frameworks */,
				C14EA28A2994BA7C00DCA491 /* Resources */,
			);
			buildRules = (
			);
			dependencies = (
				C14EA28E2994BA7C00DCA491 /* PBXTargetDependency */,
			);
			name = mvpclean1UITests;
			productName = mvpclean1UITests;
			productReference = C14EA28C2994BA7C00DCA491 /* mvpclean1UITests.xctest */;
			productType = "com.apple.product-type.bundle.ui-testing";
		};
/* End PBXNativeTarget section */

/* Begin PBXProject section */
		C14EA2612994BA7A00DCA491 /* Project object */ = {
			isa = PBXProject;
			attributes = {
				BuildIndependentTargetsInParallel = 1;
				LastSwiftUpdateCheck = 1420;
				LastUpgradeCheck = 1420;
				TargetAttributes = {
					C14EA2682994BA7A00DCA491 = {
						CreatedOnToolsVersion = 14.2;
					};
					C14EA2812994BA7C00DCA491 = {
						CreatedOnToolsVersion = 14.2;
						TestTargetID = C14EA2682994BA7A00DCA491;
					};
					C14EA28B2994BA7C00DCA491 = {
						CreatedOnToolsVersion = 14.2;
						TestTargetID = C14EA2682994BA7A00DCA491;
					};
				};
			};
			buildConfigurationList = C14EA2642994BA7A00DCA491 /* Build configuration list for PBXProject "mvpclean1" */;
			compatibilityVersion = "Xcode 14.0";
			developmentRegion = en;
			hasScannedForEncodings = 0;
			knownRegions = (
				en,
				Base,
			);
			mainGroup = C14EA2602994BA7A00DCA491;
			productRefGroup = C14EA26A2994BA7A00DCA491 /* Products */;
			projectDirPath = "";
			projectRoot = "";
			targets = (
				C14EA2682994BA7A00DCA491 /* mvpclean1 */,
				C14EA2812994BA7C00DCA491 /* mvpclean1Tests */,
				C14EA28B2994BA7C00DCA491 /* mvpclean1UITests */,
			);
		};
/* End PBXProject section */

/* Begin PBXResourcesBuildPhase section */
		C14EA2672994BA7A00DCA491 /* Resources */ = {
			isa = PBXResourcesBuildPhase;
			buildActionMask = 2147483647;
			files = (
				C14EA27C2994BA7B00DCA491 /* LaunchScreen.storyboard in Resources */,
				C14EA2792994BA7B00DCA491 /* Assets.xcassets in Resources */,
				C14EA2742994BA7A00DCA491 /* Main.storyboard in Resources */,
			);
			runOnlyForDeploymentPostprocessing = 0;
		};
		C14EA2802994BA7C00DCA491 /* Resources */ = {
			isa = PBXResourcesBuildPhase;
			buildActionMask = 2147483647;
			files = (
			);
			runOnlyForDeploymentPostprocessing = 0;
		};
		C14EA28A2994BA7C00DCA491 /* Resources */ = {
			isa = PBXResourcesBuildPhase;
			buildActionMask = 2147483647;
			files = (
			);
			runOnlyForDeploymentPostprocessing = 0;
		};
/* End PBXResourcesBuildPhase section */

/* Begin PBXSourcesBuildPhase section */
		C14EA2652994BA7A00DCA491 /* Sources */ = {
			isa = PBXSourcesBuildPhase;
			buildActionMask = 2147483647;
			files = (
				C14EA2712994BA7A00DCA491 /* ViewController.swift in Sources */,
				C14EA2772994BA7A00DCA491 /* mvpclean1.xcdatamodeld in Sources */,
				C14EA26D2994BA7A00DCA491 /* AppDelegate.swift in Sources */,
				C14EA26F2994BA7A00DCA491 /* SceneDelegate.swift in Sources */,
			);
			runOnlyForDeploymentPostprocessing = 0;
		};
		C14EA27E2994BA7C00DCA491 /* Sources */ = {
			isa = PBXSourcesBuildPhase;
			buildActionMask = 2147483647;
			files = (
				C14EA2872994BA7C00DCA491 /* mvpclean1Tests.swift in Sources */,
			);
			runOnlyForDeploymentPostprocessing = 0;
		};
		C14EA2882994BA7C00DCA491 /* Sources */ = {
			isa = PBXSourcesBuildPhase;
			buildActionMask = 2147483647;
			files = (
				C14EA2932994BA7C00DCA491 /* mvpclean1UITestsLaunchTests.swift in Sources */,
				C14EA2912994BA7C00DCA491 /* mvpclean1UITests.swift in Sources */,
			);
			runOnlyForDeploymentPostprocessing = 0;
		};
/* End PBXSourcesBuildPhase section */

/* Begin PBXTargetDependency section */
		C14EA2842994BA7C00DCA491 /* PBXTargetDependency */ = {
			isa = PBXTargetDependency;
			target = C14EA2682994BA7A00DCA491 /* mvpclean1 */;
			targetProxy = C14EA2832994BA7C00DCA491 /* PBXContainerItemProxy */;
		};
		C14EA28E2994BA7C00DCA491 /* PBXTargetDependency */ = {
			isa = PBXTargetDependency;
			target = C14EA2682994BA7A00DCA491 /* mvpclean1 */;
			targetProxy = C14EA28D2994BA7C00DCA491 /* PBXContainerItemProxy */;
		};
/* End PBXTargetDependency section */

/* Begin PBXVariantGroup section */
		C14EA2722994BA7A00DCA491 /* Main.storyboard */ = {
			isa = PBXVariantGroup;
			children = (
				C14EA2732994BA7A00DCA491 /* Base */,
			);
			name = Main.storyboard;
			sourceTree = "<group>";
		};
		C14EA27A2994BA7B00DCA491 /* LaunchScreen.storyboard */ = {
			isa = PBXVariantGroup;
			children = (
				C14EA27B2994BA7B00DCA491 /* Base */,
			);
			name = LaunchScreen.storyboard;
			sourceTree = "<group>";
		};
/* End PBXVariantGroup section */

/* Begin XCBuildConfiguration section */
		C14EA2942994BA7C00DCA491 /* Debug */ = {
			isa = XCBuildConfiguration;
			buildSettings = {
				ALWAYS_SEARCH_USER_PATHS = NO;
				CLANG_ANALYZER_NONNULL = YES;
				CLANG_ANALYZER_NUMBER_OBJECT_CONVERSION = YES_AGGRESSIVE;
				CLANG_CXX_LANGUAGE_STANDARD = "gnu++20";
				CLANG_ENABLE_MODULES = YES;
				CLANG_ENABLE_OBJC_ARC = YES;
				CLANG_ENABLE_OBJC_WEAK = YES;
				CLANG_WARN_BLOCK_CAPTURE_AUTORELEASING = YES;
				CLANG_WARN_BOOL_CONVERSION = YES;
				CLANG_WARN_COMMA = YES;
				CLANG_WARN_CONSTANT_CONVERSION = YES;
				CLANG_WARN_DEPRECATED_OBJC_IMPLEMENTATIONS = YES;
				CLANG_WARN_DIRECT_OBJC_ISA_USAGE = YES_ERROR;
				CLANG_WARN_DOCUMENTATION_COMMENTS = YES;
				CLANG_WARN_EMPTY_BODY = YES;
				CLANG_WARN_ENUM_CONVERSION = YES;
				CLANG_WARN_INFINITE_RECURSION = YES;
				CLANG_WARN_INT_CONVERSION = YES;
				CLANG_WARN_NON_LITERAL_NULL_CONVERSION = YES;
				CLANG_WARN_OBJC_IMPLICIT_RETAIN_SELF = YES;
				CLANG_WARN_OBJC_LITERAL_CONVERSION = YES;
				CLANG_WARN_OBJC_ROOT_CLASS = YES_ERROR;
				CLANG_WARN_QUOTED_INCLUDE_IN_FRAMEWORK_HEADER = YES;
				CLANG_WARN_RANGE_LOOP_ANALYSIS = YES;
				CLANG_WARN_STRICT_PROTOTYPES = YES;
				CLANG_WARN_SUSPICIOUS_MOVE = YES;
				CLANG_WARN_UNGUARDED_AVAILABILITY = YES_AGGRESSIVE;
				CLANG_WARN_UNREACHABLE_CODE = YES;
				CLANG_WARN__DUPLICATE_METHOD_MATCH = YES;
				COPY_PHASE_STRIP = NO;
				DEBUG_INFORMATION_FORMAT = dwarf;
				ENABLE_STRICT_OBJC_MSGSEND = YES;
				ENABLE_TESTABILITY = YES;
				GCC_C_LANGUAGE_STANDARD = gnu11;
				GCC_DYNAMIC_NO_PIC = NO;
				GCC_NO_COMMON_BLOCKS = YES;
				GCC_OPTIMIZATION_LEVEL = 0;
				GCC_PREPROCESSOR_DEFINITIONS = (
					"DEBUG=1",
					"$(inherited)",
				);
				GCC_WARN_64_TO_32_BIT_CONVERSION = YES;
				GCC_WARN_ABOUT_RETURN_TYPE = YES_ERROR;
				GCC_WARN_UNDECLARED_SELECTOR = YES;
				GCC_WARN_UNINITIALIZED_AUTOS = YES_AGGRESSIVE;
				GCC_WARN_UNUSED_FUNCTION = YES;
				GCC_WARN_UNUSED_VARIABLE = YES;
				IPHONEOS_DEPLOYMENT_TARGET = 16.2;
				MTL_ENABLE_DEBUG_INFO = INCLUDE_SOURCE;
				MTL_FAST_MATH = YES;
				ONLY_ACTIVE_ARCH = YES;
				SDKROOT = iphoneos;
				SWIFT_ACTIVE_COMPILATION_CONDITIONS = DEBUG;
				SWIFT_OPTIMIZATION_LEVEL = "-Onone";
			};
			name = Debug;
		};
		C14EA2952994BA7C00DCA491 /* Release */ = {
			isa = XCBuildConfiguration;
			buildSettings = {
				ALWAYS_SEARCH_USER_PATHS = NO;
				CLANG_ANALYZER_NONNULL = YES;
				CLANG_ANALYZER_NUMBER_OBJECT_CONVERSION = YES_AGGRESSIVE;
				CLANG_CXX_LANGUAGE_STANDARD = "gnu++20";
				CLANG_ENABLE_MODULES = YES;
				CLANG_ENABLE_OBJC_ARC = YES;
				CLANG_ENABLE_OBJC_WEAK = YES;
				CLANG_WARN_BLOCK_CAPTURE_AUTORELEASING = YES;
				CLANG_WARN_BOOL_CONVERSION = YES;
				CLANG_WARN_COMMA = YES;
				CLANG_WARN_CONSTANT_CONVERSION = YES;
				CLANG_WARN_DEPRECATED_OBJC_IMPLEMENTATIONS = YES;
				CLANG_WARN_DIRECT_OBJC_ISA_USAGE = YES_ERROR;
				CLANG_WARN_DOCUMENTATION_COMMENTS = YES;
				CLANG_WARN_EMPTY_BODY = YES;
				CLANG_WARN_ENUM_CONVERSION = YES;
				CLANG_WARN_INFINITE_RECURSION = YES;
				CLANG_WARN_INT_CONVERSION = YES;
				CLANG_WARN_NON_LITERAL_NULL_CONVERSION = YES;
				CLANG_WARN_OBJC_IMPLICIT_RETAIN_SELF = YES;
				CLANG_WARN_OBJC_LITERAL_CONVERSION = YES;
				CLANG_WARN_OBJC_ROOT_CLASS = YES_ERROR;
				CLANG_WARN_QUOTED_INCLUDE_IN_FRAMEWORK_HEADER = YES;
				CLANG_WARN_RANGE_LOOP_ANALYSIS = YES;
				CLANG_WARN_STRICT_PROTOTYPES = YES;
				CLANG_WARN_SUSPICIOUS_MOVE = YES;
				CLANG_WARN_UNGUARDED_AVAILABILITY = YES_AGGRESSIVE;
				CLANG_WARN_UNREACHABLE_CODE = YES;
				CLANG_WARN__DUPLICATE_METHOD_MATCH = YES;
				COPY_PHASE_STRIP = NO;
				DEBUG_INFORMATION_FORMAT = "dwarf-with-dsym";
				ENABLE_NS_ASSERTIONS = NO;
				ENABLE_STRICT_OBJC_MSGSEND = YES;
				GCC_C_LANGUAGE_STANDARD = gnu11;
				GCC_NO_COMMON_BLOCKS = YES;
				GCC_WARN_64_TO_32_BIT_CONVERSION = YES;
				GCC_WARN_ABOUT_RETURN_TYPE = YES_ERROR;
				GCC_WARN_UNDECLARED_SELECTOR = YES;
				GCC_WARN_UNINITIALIZED_AUTOS = YES_AGGRESSIVE;
				GCC_WARN_UNUSED_FUNCTION = YES;
				GCC_WARN_UNUSED_VARIABLE = YES;
				IPHONEOS_DEPLOYMENT_TARGET = 16.2;
				MTL_ENABLE_DEBUG_INFO = NO;
				MTL_FAST_MATH = YES;
				SDKROOT = iphoneos;
				SWIFT_COMPILATION_MODE = wholemodule;
				SWIFT_OPTIMIZATION_LEVEL = "-O";
				VALIDATE_PRODUCT = YES;
			};
			name = Release;
		};
		C14EA2972994BA7C00DCA491 /* Debug */ = {
			isa = XCBuildConfiguration;
			buildSettings = {
				ASSETCATALOG_COMPILER_APPICON_NAME = AppIcon;
				ASSETCATALOG_COMPILER_GLOBAL_ACCENT_COLOR_NAME = AccentColor;
				CODE_SIGN_STYLE = Automatic;
				CURRENT_PROJECT_VERSION = 1;
				DEVELOPMENT_TEAM = SQ4BEZ77T4;
				GENERATE_INFOPLIST_FILE = YES;
				INFOPLIST_FILE = mvpclean1/Info.plist;
				INFOPLIST_KEY_UIApplicationSupportsIndirectInputEvents = YES;
				INFOPLIST_KEY_UILaunchStoryboardName = LaunchScreen;
				INFOPLIST_KEY_UIMainStoryboardFile = Main;
				INFOPLIST_KEY_UISupportedInterfaceOrientations_iPad = "UIInterfaceOrientationPortrait UIInterfaceOrientationPortraitUpsideDown UIInterfaceOrientationLandscapeLeft UIInterfaceOrientationLandscapeRight";
				INFOPLIST_KEY_UISupportedInterfaceOrientations_iPhone = "UIInterfaceOrientationPortrait UIInterfaceOrientationLandscapeLeft UIInterfaceOrientationLandscapeRight";
				LD_RUNPATH_SEARCH_PATHS = (
					"$(inherited)",
					"@executable_path/Frameworks",
				);
				MARKETING_VERSION = 1.0;
				PRODUCT_BUNDLE_IDENTIFIER = mvp.dambert.mvpclean1;
				PRODUCT_NAME = "$(TARGET_NAME)";
				SWIFT_EMIT_LOC_STRINGS = YES;
				SWIFT_VERSION = 5.0;
				TARGETED_DEVICE_FAMILY = "1,2";
			};
			name = Debug;
		};
		C14EA2982994BA7C00DCA491 /* Release */ = {
			isa = XCBuildConfiguration;
			buildSettings = {
				ASSETCATALOG_COMPILER_APPICON_NAME = AppIcon;
				ASSETCATALOG_COMPILER_GLOBAL_ACCENT_COLOR_NAME = AccentColor;
				CODE_SIGN_STYLE = Automatic;
				CURRENT_PROJECT_VERSION = 1;
				DEVELOPMENT_TEAM = SQ4BEZ77T4;
				GENERATE_INFOPLIST_FILE = YES;
				INFOPLIST_FILE = mvpclean1/Info.plist;
				INFOPLIST_KEY_UIApplicationSupportsIndirectInputEvents = YES;
				INFOPLIST_KEY_UILaunchStoryboardName = LaunchScreen;
				INFOPLIST_KEY_UIMainStoryboardFile = Main;
				INFOPLIST_KEY_UISupportedInterfaceOrientations_iPad = "UIInterfaceOrientationPortrait UIInterfaceOrientationPortraitUpsideDown UIInterfaceOrientationLandscapeLeft UIInterfaceOrientationLandscapeRight";
				INFOPLIST_KEY_UISupportedInterfaceOrientations_iPhone = "UIInterfaceOrientationPortrait UIInterfaceOrientationLandscapeLeft UIInterfaceOrientationLandscapeRight";
				LD_RUNPATH_SEARCH_PATHS = (
					"$(inherited)",
					"@executable_path/Frameworks",
				);
				MARKETING_VERSION = 1.0;
				PRODUCT_BUNDLE_IDENTIFIER = mvp.dambert.mvpclean1;
				PRODUCT_NAME = "$(TARGET_NAME)";
				SWIFT_EMIT_LOC_STRINGS = YES;
				SWIFT_VERSION = 5.0;
				TARGETED_DEVICE_FAMILY = "1,2";
			};
			name = Release;
		};
		C14EA29A2994BA7C00DCA491 /* Debug */ = {
			isa = XCBuildConfiguration;
			buildSettings = {
				ALWAYS_EMBED_SWIFT_STANDARD_LIBRARIES = YES;
				BUNDLE_LOADER = "$(TEST_HOST)";
				CODE_SIGN_STYLE = Automatic;
				CURRENT_PROJECT_VERSION = 1;
				DEVELOPMENT_TEAM = SQ4BEZ77T4;
				GENERATE_INFOPLIST_FILE = YES;
				IPHONEOS_DEPLOYMENT_TARGET = 16.2;
				MARKETING_VERSION = 1.0;
				PRODUCT_BUNDLE_IDENTIFIER = mvp.dambert.mvpclean1Tests;
				PRODUCT_NAME = "$(TARGET_NAME)";
				SWIFT_EMIT_LOC_STRINGS = NO;
				SWIFT_VERSION = 5.0;
				TARGETED_DEVICE_FAMILY = "1,2";
				TEST_HOST = "$(BUILT_PRODUCTS_DIR)/mvpclean1.app/$(BUNDLE_EXECUTABLE_FOLDER_PATH)/mvpclean1";
			};
			name = Debug;
		};
		C14EA29B2994BA7C00DCA491 /* Release */ = {
			isa = XCBuildConfiguration;
			buildSettings = {
				ALWAYS_EMBED_SWIFT_STANDARD_LIBRARIES = YES;
				BUNDLE_LOADER = "$(TEST_HOST)";
				CODE_SIGN_STYLE = Automatic;
				CURRENT_PROJECT_VERSION = 1;
				DEVELOPMENT_TEAM = SQ4BEZ77T4;
				GENERATE_INFOPLIST_FILE = YES;
				IPHONEOS_DEPLOYMENT_TARGET = 16.2;
				MARKETING_VERSION = 1.0;
				PRODUCT_BUNDLE_IDENTIFIER = mvp.dambert.mvpclean1Tests;
				PRODUCT_NAME = "$(TARGET_NAME)";
				SWIFT_EMIT_LOC_STRINGS = NO;
				SWIFT_VERSION = 5.0;
				TARGETED_DEVICE_FAMILY = "1,2";
				TEST_HOST = "$(BUILT_PRODUCTS_DIR)/mvpclean1.app/$(BUNDLE_EXECUTABLE_FOLDER_PATH)/mvpclean1";
			};
			name = Release;
		};
		C14EA29D2994BA7C00DCA491 /* Debug */ = {
			isa = XCBuildConfiguration;
			buildSettings = {
				ALWAYS_EMBED_SWIFT_STANDARD_LIBRARIES = YES;
				CODE_SIGN_STYLE = Automatic;
				CURRENT_PROJECT_VERSION = 1;
				DEVELOPMENT_TEAM = SQ4BEZ77T4;
				GENERATE_INFOPLIST_FILE = YES;
				MARKETING_VERSION = 1.0;
				PRODUCT_BUNDLE_IDENTIFIER = mvp.dambert.mvpclean1UITests;
				PRODUCT_NAME = "$(TARGET_NAME)";
				SWIFT_EMIT_LOC_STRINGS = NO;
				SWIFT_VERSION = 5.0;
				TARGETED_DEVICE_FAMILY = "1,2";
				TEST_TARGET_NAME = mvpclean1;
			};
			name = Debug;
		};
		C14EA29E2994BA7C00DCA491 /* Release */ = {
			isa = XCBuildConfiguration;
			buildSettings = {
				ALWAYS_EMBED_SWIFT_STANDARD_LIBRARIES = YES;
				CODE_SIGN_STYLE = Automatic;
				CURRENT_PROJECT_VERSION = 1;
				DEVELOPMENT_TEAM = SQ4BEZ77T4;
				GENERATE_INFOPLIST_FILE = YES;
				MARKETING_VERSION = 1.0;
				PRODUCT_BUNDLE_IDENTIFIER = mvp.dambert.mvpclean1UITests;
				PRODUCT_NAME = "$(TARGET_NAME)";
				SWIFT_EMIT_LOC_STRINGS = NO;
				SWIFT_VERSION = 5.0;
				TARGETED_DEVICE_FAMILY = "1,2";
				TEST_TARGET_NAME = mvpclean1;
			};
			name = Release;
		};
/* End XCBuildConfiguration section */

/* Begin XCConfigurationList section */
		C14EA2642994BA7A00DCA491 /* Build configuration list for PBXProject "mvpclean1" */ = {
			isa = XCConfigurationList;
			buildConfigurations = (
				C14EA2942994BA7C00DCA491 /* Debug */,
				C14EA2952994BA7C00DCA491 /* Release */,
			);
			defaultConfigurationIsVisible = 0;
			defaultConfigurationName = Release;
		};
		C14EA2962994BA7C00DCA491 /* Build configuration list for PBXNativeTarget "mvpclean1" */ = {
			isa = XCConfigurationList;
			buildConfigurations = (
				C14EA2972994BA7C00DCA491 /* Debug */,
				C14EA2982994BA7C00DCA491 /* Release */,
			);
			defaultConfigurationIsVisible = 0;
			defaultConfigurationName = Release;
		};
		C14EA2992994BA7C00DCA491 /* Build configuration list for PBXNativeTarget "mvpclean1Tests" */ = {
			isa = XCConfigurationList;
			buildConfigurations = (
				C14EA29A2994BA7C00DCA491 /* Debug */,
				C14EA29B2994BA7C00DCA491 /* Release */,
			);
			defaultConfigurationIsVisible = 0;
			defaultConfigurationName = Release;
		};
		C14EA29C2994BA7C00DCA491 /* Build configuration list for PBXNativeTarget "mvpclean1UITests" */ = {
			isa = XCConfigurationList;
			buildConfigurations = (
				C14EA29D2994BA7C00DCA491 /* Debug */,
				C14EA29E2994BA7C00DCA491 /* Release */,
			);
			defaultConfigurationIsVisible = 0;
			defaultConfigurationName = Release;
		};
/* End XCConfigurationList section */

/* Begin XCVersionGroup section */
		C14EA2752994BA7A00DCA491 /* mvpclean1.xcdatamodeld */ = {
			isa = XCVersionGroup;
			children = (
				C14EA2762994BA7A00DCA491 /* mvpclean1.xcdatamodel */,
			);
			currentVersion = C14EA2762994BA7A00DCA491 /* mvpclean1.xcdatamodel */;
			path = mvpclean1.xcdatamodeld;
			sourceTree = "<group>";
			versionGroupType = wrapper.xcdatamodel;
		};
/* End XCVersionGroup section */
	};
	rootObject = C14EA2612994BA7A00DCA491 /* Project object */;
}
